{
  "name": "browser-fingerprint",
  "version": "0.0.1",
  "lockfileVersion": 1,
  "requires": true,
  "dependencies": {
    "@types/clientjs": {
      "version": "0.1.0",
      "resolved": "https://registry.npmjs.org/@types/clientjs/-/clientjs-0.1.0.tgz",
      "integrity": "sha512-kTBRwtvsOcRoEMKXtozlfBZ3XtC5QJKGGqZJl5WOMc8SJCFswE74aYA3WtvUWFNLepPhvodGwEJzLVZ7SUnEqw=="
    },
    "@types/fingerprintjs2": {
      "version": "2.0.0",
      "resolved": "https://registry.npmjs.org/@types/fingerprintjs2/-/fingerprintjs2-2.0.0.tgz",
      "integrity": "sha512-isSTwNnW5I6zGZnpkinmVcV9pJqr7cLELns+tXDYzskIOAb2J+iCQ0mQJ9bRjHJhZfdlTFXZoCYK9ZgT3oMWXQ=="
    },
    "fingerprintjs2": {
      "version": "2.1.0",
      "resolved": "https://registry.npmjs.org/fingerprintjs2/-/fingerprintjs2-2.1.0.tgz",
      "integrity": "sha512-H1k/ESTD2rJ3liupyqWBPjZC+LKfCGixQzz/NDN4dkgbmG1bVFyMOh7luKSkVDoyfhgvRm62pviNMPI+eJTZcQ=="
    },
    "typescript": {
      "version": "3.5.3",
      "resolved": "https://registry.npmjs.org/typescript/-/typescript-3.5.3.tgz",
      "integrity": "sha512-ACzBtm/PhXBDId6a6sDJfroT2pOWt/oOnk4/dElG5G33ZL776N3Y6/6bKZJBFpd+b05F3Ct9qDjMeJmRWtE2/g==",
      "dev": true
    }
  }
}
